
Microsoft Visual Studio Solution File, Format Version 12.00
# Visual Studio Version 17
VisualStudioVersion = 17.6.33829.357
MinimumVisualStudioVersion = 10.0.40219.1
Project("{888888A0-9F3D-457C-B088-3A5042F75D52}") = "Greedy_Algorithms_Konosuba_Multiplication_Python", "Greedy_Algorithms_Konosuba_Multiplication_Python.pyproj", "{E77A53E3-9CD2-47D4-9E7B-E5D8C581EB6F}"
EndProject
Global
	GlobalSection(SolutionConfigurationPlatforms) = preSolution
		Debug|Any CPU = Debug|Any CPU
		Release|Any CPU = Release|Any CPU
	EndGlobalSection
	GlobalSection(ProjectConfigurationPlatforms) = postSolution
		{E77A53E3-9CD2-47D4-9E7B-E5D8C581EB6F}.Debug|Any CPU.ActiveCfg = Debug|Any CPU
		{E77A53E3-9CD2-47D4-9E7B-E5D8C581EB6F}.Release|Any CPU.ActiveCfg = Release|Any CPU
	EndGlobalSection
	GlobalSection(SolutionProperties) = preSolution
		HideSolutionNode = FALSE
	EndGlobalSection
	GlobalSection(ExtensibilityGlobals) = postSolution
		SolutionGuid = {FF00EF7E-6FA6-46DA-9B60-B2DB35AE147F}
	EndGlobalSection
EndGlobal
